
Microsoft Visual Studio Solution File, Format Version 12.00
# Visual Studio Version 17
VisualStudioVersion = 17.14.36915.13 d17.14
MinimumVisualStudioVersion = 10.0.40219.1
Project("{FAE04EC0-301F-11D3-BF4B-00C04F79EFBC}") = "CleaningCRM.API", "CleaningCRM.API\CleaningCRM.API.csproj", "{1DB76C5D-25FD-4934-AC79-EAC64B16F43A}"
EndProject
Global
	GlobalSection(SolutionConfigurationPlatforms) = preSolution
		Debug|Any CPU = Debug|Any CPU
		Release|Any CPU = Release|Any CPU
	EndGlobalSection
	GlobalSection(ProjectConfigurationPlatforms) = postSolution
		{1DB76C5D-25FD-4934-AC79-EAC64B16F43A}.Debug|Any CPU.ActiveCfg = Debug|Any CPU
		{1DB76C5D-25FD-4934-AC79-EAC64B16F43A}.Debug|Any CPU.Build.0 = Debug|Any CPU
		{1DB76C5D-25FD-4934-AC79-EAC64B16F43A}.Release|Any CPU.ActiveCfg = Release|Any CPU
		{1DB76C5D-25FD-4934-AC79-EAC64B16F43A}.Release|Any CPU.Build.0 = Release|Any CPU
	EndGlobalSection
	GlobalSection(SolutionProperties) = preSolution
		HideSolutionNode = FALSE
	EndGlobalSection
	GlobalSection(ExtensibilityGlobals) = postSolution
		SolutionGuid = {C20D3586-C39A-4369-89D3-FD6096F5AA3C}
	EndGlobalSection
EndGlobal
